
Microsoft Visual Studio Solution File, Format Version 12.00
# Visual Studio Version 17
VisualStudioVersion = 17.7.34031.279
MinimumVisualStudioVersion = 10.0.40219.1
Project("{FAE04EC0-301F-11D3-BF4B-00C04F79EFBC}") = "Indexer", "Indexer\Indexer.csproj", "{0393C605-91D5-41FB-9D10-1F8171B31317}"
EndProject
Global
	GlobalSection(SolutionConfigurationPlatforms) = preSolution
		Debug|Any CPU = Debug|Any CPU
		Release|Any CPU = Release|Any CPU
	EndGlobalSection
	GlobalSection(ProjectConfigurationPlatforms) = postSolution
		{0393C605-91D5-41FB-9D10-1F8171B31317}.Debug|Any CPU.ActiveCfg = Debug|Any CPU
		{0393C605-91D5-41FB-9D10-1F8171B31317}.Debug|Any CPU.Build.0 = Debug|Any CPU
		{0393C605-91D5-41FB-9D10-1F8171B31317}.Release|Any CPU.ActiveCfg = Release|Any CPU
		{0393C605-91D5-41FB-9D10-1F8171B31317}.Release|Any CPU.Build.0 = Release|Any CPU
	EndGlobalSection
	GlobalSection(SolutionProperties) = preSolution
		HideSolutionNode = FALSE
	EndGlobalSection
	GlobalSection(ExtensibilityGlobals) = postSolution
		SolutionGuid = {6DD29C69-73B6-4DA7-9FE5-62A0FE140EF0}
	EndGlobalSection
EndGlobal
